<Solution>
  <Folder Name="/files/">
    <File Path=".github/workflows/dotnet.yml" />
    <File Path="LICENSE" />
    <File Path="README.md" />
  </Folder>
  <Project Path="Sinjector.Test/Sinjector.Autofac.Test.csproj" />
  <Project Path="Sinjector.Test/Sinjector.Net.Test.csproj" />
  <Project Path="Sinjector/Sinjector.csproj" />
</Solution>